
Microsoft Visual Studio Solution File, Format Version 12.00
# Visual Studio 15
VisualStudioVersion = 15.0.28307.779
MinimumVisualStudioVersion = 10.0.40219.1
Project("{FAE04EC0-301F-11D3-BF4B-00C04F79EFBC}") = "HearthMirror", "HearthMirror\HearthMirror.csproj", "{1694A2F8-645A-4263-A6AB-FC26323FD675}"
EndProject
Project("{FAE04EC0-301F-11D3-BF4B-00C04F79EFBC}") = "HearthMirror.Tests", "HearthMirror.Tests\HearthMirror.Tests.csproj", "{DF830345-6B31-475E-91AD-38ABA18E8F91}"
EndProject
Project("{FAE04EC0-301F-11D3-BF4B-00C04F79EFBC}") = "HearthMirror.GoW", "HearthMirror.GoW\HearthMirror.GoW.csproj", "{D5AC1425-6C2B-4B37-BD72-85DD848D0474}"
EndProject
Project("{FAE04EC0-301F-11D3-BF4B-00C04F79EFBC}") = "HearthMirror.GoW.Tests", "HearthMirror.GoW.Tests\HearthMirror.GoW.Tests.csproj", "{FC3AE098-F004-4C42-B187-6C1BFD6DE79A}"
EndProject
Global
	GlobalSection(SolutionConfigurationPlatforms) = preSolution
		Debug|Any CPU = Debug|Any CPU
		Debug|x86 = Debug|x86
		Release|Any CPU = Release|Any CPU
		Release|x86 = Release|x86
	EndGlobalSection
	GlobalSection(ProjectConfigurationPlatforms) = postSolution
		{1694A2F8-645A-4263-A6AB-FC26323FD675}.Debug|Any CPU.ActiveCfg = Debug|Any CPU
		{1694A2F8-645A-4263-A6AB-FC26323FD675}.Debug|Any CPU.Build.0 = Debug|Any CPU
		{1694A2F8-645A-4263-A6AB-FC26323FD675}.Debug|x86.ActiveCfg = Debug|x86
		{1694A2F8-645A-4263-A6AB-FC26323FD675}.Debug|x86.Build.0 = Debug|x86
		{1694A2F8-645A-4263-A6AB-FC26323FD675}.Release|Any CPU.ActiveCfg = Release|Any CPU
		{1694A2F8-645A-4263-A6AB-FC26323FD675}.Release|Any CPU.Build.0 = Release|Any CPU
		{1694A2F8-645A-4263-A6AB-FC26323FD675}.Release|x86.ActiveCfg = Release|x86
		{1694A2F8-645A-4263-A6AB-FC26323FD675}.Release|x86.Build.0 = Release|x86
		{DF830345-6B31-475E-91AD-38ABA18E8F91}.Debug|Any CPU.ActiveCfg = Debug|x86
		{DF830345-6B31-475E-91AD-38ABA18E8F91}.Debug|x86.ActiveCfg = Debug|x86
		{DF830345-6B31-475E-91AD-38ABA18E8F91}.Debug|x86.Build.0 = Debug|x86
		{DF830345-6B31-475E-91AD-38ABA18E8F91}.Release|Any CPU.ActiveCfg = Release|x86
		{DF830345-6B31-475E-91AD-38ABA18E8F91}.Release|x86.ActiveCfg = Release|x86
		{DF830345-6B31-475E-91AD-38ABA18E8F91}.Release|x86.Build.0 = Release|x86
		{D5AC1425-6C2B-4B37-BD72-85DD848D0474}.Debug|Any CPU.ActiveCfg = Debug|Any CPU
		{D5AC1425-6C2B-4B37-BD72-85DD848D0474}.Debug|Any CPU.Build.0 = Debug|Any CPU
		{D5AC1425-6C2B-4B37-BD72-85DD848D0474}.Debug|x86.ActiveCfg = Debug|Any CPU
		{D5AC1425-6C2B-4B37-BD72-85DD848D0474}.Debug|x86.Build.0 = Debug|Any CPU
		{D5AC1425-6C2B-4B37-BD72-85DD848D0474}.Release|Any CPU.ActiveCfg = Release|Any CPU
		{D5AC1425-6C2B-4B37-BD72-85DD848D0474}.Release|Any CPU.Build.0 = Release|Any CPU
		{D5AC1425-6C2B-4B37-BD72-85DD848D0474}.Release|x86.ActiveCfg = Release|Any CPU
		{D5AC1425-6C2B-4B37-BD72-85DD848D0474}.Release|x86.Build.0 = Release|Any CPU
		{FC3AE098-F004-4C42-B187-6C1BFD6DE79A}.Debug|Any CPU.ActiveCfg = Debug|Any CPU
		{FC3AE098-F004-4C42-B187-6C1BFD6DE79A}.Debug|Any CPU.Build.0 = Debug|Any CPU
		{FC3AE098-F004-4C42-B187-6C1BFD6DE79A}.Debug|x86.ActiveCfg = Debug|Any CPU
		{FC3AE098-F004-4C42-B187-6C1BFD6DE79A}.Debug|x86.Build.0 = Debug|Any CPU
		{FC3AE098-F004-4C42-B187-6C1BFD6DE79A}.Release|Any CPU.ActiveCfg = Release|Any CPU
		{FC3AE098-F004-4C42-B187-6C1BFD6DE79A}.Release|Any CPU.Build.0 = Release|Any CPU
		{FC3AE098-F004-4C42-B187-6C1BFD6DE79A}.Release|x86.ActiveCfg = Release|Any CPU
		{FC3AE098-F004-4C42-B187-6C1BFD6DE79A}.Release|x86.Build.0 = Release|Any CPU
	EndGlobalSection
	GlobalSection(SolutionProperties) = preSolution
		HideSolutionNode = FALSE
	EndGlobalSection
	GlobalSection(ExtensibilityGlobals) = postSolution
		SolutionGuid = {135F6036-7FEB-4327-9D4B-8C2780FEDF1A}
	EndGlobalSection
EndGlobal
